
Microsoft Visual Studio Solution File, Format Version 12.00
# Visual Studio Version 17
VisualStudioVersion = 17.5.33530.505
MinimumVisualStudioVersion = 10.0.40219.1
Project("{FAE04EC0-301F-11D3-BF4B-00C04F79EFBC}") = "WebbApp", "WebbApp\WebbApp.csproj", "{51519AB0-A11C-4CAA-BDFB-3675C0D8C3BE}"
EndProject
Global
	GlobalSection(SolutionConfigurationPlatforms) = preSolution
		Debug|Any CPU = Debug|Any CPU
		Release|Any CPU = Release|Any CPU
	EndGlobalSection
	GlobalSection(ProjectConfigurationPlatforms) = postSolution
		{51519AB0-A11C-4CAA-BDFB-3675C0D8C3BE}.Debug|Any CPU.ActiveCfg = Debug|Any CPU
		{51519AB0-A11C-4CAA-BDFB-3675C0D8C3BE}.Debug|Any CPU.Build.0 = Debug|Any CPU
		{51519AB0-A11C-4CAA-BDFB-3675C0D8C3BE}.Release|Any CPU.ActiveCfg = Release|Any CPU
		{51519AB0-A11C-4CAA-BDFB-3675C0D8C3BE}.Release|Any CPU.Build.0 = Release|Any CPU
	EndGlobalSection
	GlobalSection(SolutionProperties) = preSolution
		HideSolutionNode = FALSE
	EndGlobalSection
	GlobalSection(ExtensibilityGlobals) = postSolution
		SolutionGuid = {D1B830FA-9F78-4487-AB13-8C3EBFA9C0C6}
	EndGlobalSection
EndGlobal
